"Read more about it at https://getcomposer.org/doc/01-basic-usage.md#installing-dependencies",
"This file is @generated automatically"
],
"content-hash": "af1fbbc329b325ed9901c80244dbadd2",
"packages": [
{
"name": "brick/math",
Expand Down
Expand Up
@@ -61,6 +61,85 @@
],
"time": "2023-01-15T23:15:59+00:00"
},
{
"name": "darkaonline/l5-swagger",
"version": "8.5.1",
"source": {
"type": "git",
"url": "https://github.com/DarkaOnLine/L5-Swagger.git",
"reference": "02348149f1833c63bf52764838d5659507857394"
},
"dist": {
"type": "zip",
"url": "https://api.github.com/repos/DarkaOnLine/L5-Swagger/zipball/02348149f1833c63bf52764838d5659507857394",
"reference": "02348149f1833c63bf52764838d5659507857394",
"shasum": ""
},
"require": {
"ext-json": "*",
"laravel/framework": "^10.0 || ^9.0 || >=8.40.0 || ^7.0",
"php": "^7.2 || ^8.0",
"swagger-api/swagger-ui": "^3.0 || >=4.1.3",
"symfony/yaml": "^5.0 || ^6.0",
"zircote/swagger-php": "^3.2.0 || ^4.0.0"
},
"require-dev": {
"mockery/mockery": "1.*",
"orchestra/testbench": "^8.0 || 7.* || ^6.15 || 5.*",
"php-coveralls/php-coveralls": "^2.0",
"phpunit/phpunit": "^10.0 || ^9.5"
},
"type": "library",
"extra": {
"laravel": {
"providers": [
"L5Swagger\\L5SwaggerServiceProvider"
],
"aliases": {
"L5Swagger": "L5Swagger\\L5SwaggerFacade"
}
}
},
"autoload": {
"files": [
"src/helpers.php"
],
"psr-4": {
"L5Swagger\\": "src"
}
},
"notification-url": "https://packagist.org/downloads/",
"license": [
"MIT"
],
"authors": [
{
"name": "Darius Matulionis",
"email": "darius@matulionis.lt"
}
],
"description": "OpenApi or Swagger integration to Laravel",
"keywords": [
"api",
"documentation",
"laravel",
"openapi",
"specification",
"swagger",
"ui"
],
"support": {
"issues": "https://github.com/DarkaOnLine/L5-Swagger/issues",
"source": "https://github.com/DarkaOnLine/L5-Swagger/tree/8.5.1"
},
"funding": [
{
"url": "https://github.com/DarkaOnLine",
"type": "github"
}
],
"time": "2023-06-05T04:21:50+00:00"
},
{
"name": "dflydev/dot-access-data",
"version": "v3.0.2",
Expand Down
Expand Up
@@ -136,6 +215,82 @@
},
"time": "2022-10-27T11:44:00+00:00"
},
{
"name": "doctrine/annotations",
"version": "2.0.1",
"source": {
"type": "git",
"url": "https://github.com/doctrine/annotations.git",
"reference": "e157ef3f3124bbf6fe7ce0ffd109e8a8ef284e7f"
},
"dist": {
"type": "zip",
"url": "https://api.github.com/repos/doctrine/annotations/zipball/e157ef3f3124bbf6fe7ce0ffd109e8a8ef284e7f",
"reference": "e157ef3f3124bbf6fe7ce0ffd109e8a8ef284e7f",
"shasum": ""
},
"require": {
"doctrine/lexer": "^2 || ^3",
"ext-tokenizer": "*",
"php": "^7.2 || ^8.0",
"psr/cache": "^1 || ^2 || ^3"
},
"require-dev": {
"doctrine/cache": "^2.0",
"doctrine/coding-standard": "^10",
"phpstan/phpstan": "^1.8.0",
"phpunit/phpunit": "^7.5 || ^8.5 || ^9.5",
"symfony/cache": "^5.4 || ^6",
"vimeo/psalm": "^4.10"
},
"suggest": {
"php": "PHP 8.0 or higher comes with attributes, a native replacement for annotations"
},
"type": "library",
"autoload": {
"psr-4": {
"Doctrine\\Common\\Annotations\\": "lib/Doctrine/Common/Annotations"
}
},
"notification-url": "https://packagist.org/downloads/",
"license": [
"MIT"
],
"authors": [
{
"name": "Guilherme Blanco",
"email": "guilhermeblanco@gmail.com"
},
{
"name": "Roman Borschel",
"email": "roman@code-factory.org"
},
{
"name": "Benjamin Eberlei",
"email": "kontakt@beberlei.de"
},
{
"name": "Jonathan Wage",
"email": "jonwage@gmail.com"
},
{
"name": "Johannes Schmitt",
"email": "schmittjoh@gmail.com"
}
],
"description": "Docblock Annotations Parser",
"homepage": "https://www.doctrine-project.org/projects/annotations.html",
"keywords": [
"annotations",
"docblock",
"parser"
],
"support": {
"issues": "https://github.com/doctrine/annotations/issues",
"source": "https://github.com/doctrine/annotations/tree/2.0.1"
},
"time": "2023-02-02T22:02:53+00:00"
},
{
"name": "doctrine/inflector",
"version": "2.0.6",
Expand Down
Expand Up
@@ -2329,6 +2484,55 @@
],
"time": "2023-02-25T19:38:58+00:00"
},
{
"name": "psr/cache",
"version": "3.0.0",
"source": {
"type": "git",
"url": "https://github.com/php-fig/cache.git",
"reference": "aa5030cfa5405eccfdcb1083ce040c2cb8d253bf"
},
"dist": {
"type": "zip",
"url": "https://api.github.com/repos/php-fig/cache/zipball/aa5030cfa5405eccfdcb1083ce040c2cb8d253bf",
"reference": "aa5030cfa5405eccfdcb1083ce040c2cb8d253bf",
"shasum": ""
},
"require": {
"php": ">=8.0.0"
},
"type": "library",
"extra": {
"branch-alias": {
"dev-master": "1.0.x-dev"
}
},
"autoload": {
"psr-4": {
"Psr\\Cache\\": "src/"
}
},
"notification-url": "https://packagist.org/downloads/",
"license": [
"MIT"
],
"authors": [
{
"name": "PHP-FIG",
"homepage": "https://www.php-fig.org/"
}
],
"description": "Common interface for caching libraries",
"keywords": [
"cache",
"psr",
"psr-6"
],
"support": {
"source": "https://github.com/php-fig/cache/tree/3.0.0"
},
"time": "2021-02-03T23:26:27+00:00"
},
{
"name": "psr/container",
"version": "2.0.2",
Expand Down
Expand Up
@@ -2994,6 +3198,67 @@
],
"time": "2023-04-15T23:01:58+00:00"
},
{
"name": "swagger-api/swagger-ui",
"version": "v5.0.0",
"source": {
"type": "git",
"url": "https://github.com/swagger-api/swagger-ui.git",
"reference": "b57d241b381c0f532e1a3afc9b56dacf108c019c"
},
"dist": {
"type": "zip",
"url": "https://api.github.com/repos/swagger-api/swagger-ui/zipball/b57d241b381c0f532e1a3afc9b56dacf108c019c",
"reference": "b57d241b381c0f532e1a3afc9b56dacf108c019c",
"shasum": ""
},
"type": "library",
"notification-url": "https://packagist.org/downloads/",
"license": [
"Apache-2.0"
],
"authors": [
{
"name": "Anna Bodnia",
"email": "anna.bodnia@gmail.com"
},
{
"name": "Buu Nguyen",
"email": "buunguyen@gmail.com"
},
{
"name": "Josh Ponelat",
"email": "jponelat@gmail.com"
},
{
"name": "Kyle Shockey",
"email": "kyleshockey1@gmail.com"
},
{
"name": "Robert Barnwell",
"email": "robert@robertismy.name"
},
{
"name": "Sahar Jafari",
"email": "shr.jafari@gmail.com"
}
],
"description": " Swagger UI is a collection of HTML, Javascript, and CSS assets that dynamically generate beautiful documentation from a Swagger-compliant API.",
"homepage": "http://swagger.io",
"keywords": [
"api",
"documentation",
"openapi",
"specification",
"swagger",
"ui"
],
"support": {
"issues": "https://github.com/swagger-api/swagger-ui/issues",
"source": "https://github.com/swagger-api/swagger-ui/tree/v5.0.0"
},
"time": "2023-06-12T18:25:57+00:00"
},
{
"name": "symfony/console",
"version": "v6.3.0",
Expand Down
Expand Up
@@ -5237,6 +5502,77 @@
],
"time": "2023-05-25T13:09:35+00:00"
},
{
"name": "symfony/yaml",
"version": "v6.3.0",
"source": {
"type": "git",
"url": "https://github.com/symfony/yaml.git",
"reference": "a9a8337aa641ef2aa39c3e028f9107ec391e5927"
},
"dist": {
"type": "zip",
"url": "https://api.github.com/repos/symfony/yaml/zipball/a9a8337aa641ef2aa39c3e028f9107ec391e5927",
"reference": "a9a8337aa641ef2aa39c3e028f9107ec391e5927",
"shasum": ""
},
"require": {
"php": ">=8.1",
"symfony/polyfill-ctype": "^1.8"
},
"conflict": {
"symfony/console": "<5.4"
},
"require-dev": {
"symfony/console": "^5.4|^6.0"
},
"bin": [
"Resources/bin/yaml-lint"
],
"type": "library",
"autoload": {
"psr-4": {
"Symfony\\Component\\Yaml\\": ""
},
"exclude-from-classmap": [
"/Tests/"
]
},
"notification-url": "https://packagist.org/downloads/",
"license": [
"MIT"
],
"authors": [
{
"name": "Fabien Potencier",
"email": "fabien@symfony.com"
},
{
"name": "Symfony Community",
"homepage": "https://symfony.com/contributors"
}
],
"description": "Loads and dumps YAML files",
"homepage": "https://symfony.com",
"support": {
"source": "https://github.com/symfony/yaml/tree/v6.3.0"
},
"funding": [
{
"url": "https://symfony.com/sponsor",
"type": "custom"
},
{
"url": "https://github.com/fabpot",
"type": "github"
},
{
"url": "https://tidelift.com/funding/github/packagist/symfony/symfony",
"type": "tidelift"
}
],
"time": "2023-04-28T13:28:14+00:00"
},
{
"name": "tijsverkoyen/css-to-inline-styles",
"version": "2.2.6",
Expand Down
Expand Up
@@ -5505,6 +5841,84 @@
"source": "https://github.com/webmozarts/assert/tree/1.11.0"
},
"time": "2022-06-03T18:03:27+00:00"
},
{
"name": "zircote/swagger-php",
"version": "4.7.10",
"source": {
"type": "git",
"url": "https://github.com/zircote/swagger-php.git",
"reference": "6d2f0fcc46bf9043877de8656a9ea95331155522"
},
"dist": {
"type": "zip",
"url": "https://api.github.com/repos/zircote/swagger-php/zipball/6d2f0fcc46bf9043877de8656a9ea95331155522",
"reference": "6d2f0fcc46bf9043877de8656a9ea95331155522",
"shasum": ""
},
"require": {
"doctrine/annotations": "^1.7 || ^2.0",
"ext-json": "*",
"php": ">=7.2",
"psr/log": "^1.1 || ^2.0 || ^3.0",
"symfony/deprecation-contracts": "^2 || ^3",
"symfony/finder": ">=2.2",
"symfony/yaml": ">=3.3"
},
"require-dev": {
"composer/package-versions-deprecated": "^1.11",
"friendsofphp/php-cs-fixer": "^2.17 || ^3.0",
"phpstan/phpstan": "^1.6",
"phpunit/phpunit": ">=8",
"vimeo/psalm": "^4.23"
},
"bin": [
"bin/openapi"
],
"type": "library",
"extra": {
"branch-alias": {
"dev-master": "4.x-dev"
}
},
"autoload": {
"psr-4": {
"OpenApi\\": "src"
}
},
"notification-url": "https://packagist.org/downloads/",
"license": [
"Apache-2.0"
],
"authors": [
{
"name": "Robert Allen",
"email": "zircote@gmail.com"
},
{
"name": "Bob Fanger",
"email": "bfanger@gmail.com",
"homepage": "https://bfanger.nl"
},
{
"name": "Martin Rademacher",
"email": "mano@radebatz.net",
"homepage": "https://radebatz.net"
}
],
"description": "swagger-php - Generate interactive documentation for your RESTful API using phpdoc annotations",
"homepage": "https://github.com/zircote/swagger-php/",
"keywords": [
"api",
"json",
"rest",
"service discovery"
],
"support": {
"issues": "https://github.com/zircote/swagger-php/issues",
"source": "https://github.com/zircote/swagger-php/tree/4.7.10"
},
"time": "2023-04-28T00:56:39+00:00"
}
],
"packages-dev": [
Expand Down
Expand Up
@@ -7810,77 +8224,6 @@
],
"time": "2023-05-25T11:30:27+00:00"
},
{
"name": "theseer/tokenizer",
"version": "1.2.1",
